// !$*UTF8*$!
{
	archiveVersion = 1;
	classes = {
	};
	objectVersion = 48;
	objects = {

/* Begin PBXBuildFile section */
		80FE1B724963BF3492047A6F /* Pods_movies_iosTests.framework in Frameworks */ = {isa = PBXBuildFile; fileRef = 0086627D8867830758F5B8AE /* Pods_movies_iosTests.framework */; };
		92736F4EBA06ADE1421463A7 /* Pods_movies_ios.framework in Frameworks */ = {isa = PBXBuildFile; fileRef = 68C8C72F78446397E8BCF2CF /* Pods_movies_ios.framework */; };
		C45A4A131FB5E3DB00217780 /* LaunchScreen.storyboard in Resources */ = {isa = PBXBuildFile; fileRef = C45A4A121FB5E3DB00217780 /* LaunchScreen.storyboard */; };
		C46572671FB5DBB100886506 /* AppDelegate.swift in Sources */ = {isa = PBXBuildFile; fileRef = C46572661FB5DBB100886506 /* AppDelegate.swift */; };
		C46572691FB5DBB100886506 /* MovieListingsVC.swift in Sources */ = {isa = PBXBuildFile; fileRef = C46572681FB5DBB100886506 /* MovieListingsVC.swift */; };
		C465726E1FB5DBB100886506 /* Assets.xcassets in Resources */ = {isa = PBXBuildFile; fileRef = C465726D1FB5DBB100886506 /* Assets.xcassets */; };
		C465727C1FB5DBB200886506 /* movies_iosTests.swift in Sources */ = {isa = PBXBuildFile; fileRef = C465727B1FB5DBB200886506 /* movies_iosTests.swift */; };
		C46572871FB5DBB200886506 /* movies_iosUITests.swift in Sources */ = {isa = PBXBuildFile; fileRef = C46572861FB5DBB200886506 /* movies_iosUITests.swift */; };
		C4F6A9211FB5EDC000219D8F /* UIColor+Hex.swift in Sources */ = {isa = PBXBuildFile; fileRef = C4F6A9201FB5EDC000219D8F /* UIColor+Hex.swift */; };
		EAE74C93A09ABACEA7023AA9 /* Pods_movies_iosUITests.framework in Frameworks */ = {isa = PBXBuildFile; fileRef = 86E69BFCBBBF120168AD66FB /* Pods_movies_iosUITests.framework */; };
/* End PBXBuildFile section */

/* Begin PBXContainerItemProxy section */
		C46572781FB5DBB200886506 /* PBXContainerItemProxy */ = {
			isa = PBXContainerItemProxy;
			containerPortal = C465725B1FB5DBB100886506 /* Project object */;
			proxyType = 1;
			remoteGlobalIDString = C46572621FB5DBB100886506;
			remoteInfo = "movies-ios";
		};
		C46572831FB5DBB200886506 /* PBXContainerItemProxy */ = {
			isa = PBXContainerItemProxy;
			containerPortal = C465725B1FB5DBB100886506 /* Project object */;
			proxyType = 1;
			remoteGlobalIDString = C46572621FB5DBB100886506;
			remoteInfo = "movies-ios";
		};
/* End PBXContainerItemProxy section */

/* Begin PBXFileReference section */
		0086627D8867830758F5B8AE /* Pods_movies_iosTests.framework */ = {isa = PBXFileReference; explicitFileType = wrapper.framework; includeInIndex = 0; path = Pods_movies_iosTests.framework; sourceTree = BUILT_PRODUCTS_DIR; };
		2020CA4A23EA418541867766 /* Pods-movies-iosTests.release.xcconfig */ = {isa = PBXFileReference; includeInIndex = 1; lastKnownFileType = text.xcconfig; name = "Pods-movies-iosTests.release.xcconfig"; path = "Pods/Target Support Files/Pods-movies-iosTests/Pods-movies-iosTests.release.xcconfig"; sourceTree = "<group>"; };
		398B61F2754E5BAE27DA45C4 /* Pods-movies-ios.release.xcconfig */ = {isa = PBXFileReference; includeInIndex = 1; lastKnownFileType = text.xcconfig; name = "Pods-movies-ios.release.xcconfig"; path = "Pods/Target Support Files/Pods-movies-ios/Pods-movies-ios.release.xcconfig"; sourceTree = "<group>"; };
		68C8C72F78446397E8BCF2CF /* Pods_movies_ios.framework */ = {isa = PBXFileReference; explicitFileType = wrapper.framework; includeInIndex = 0; path = Pods_movies_ios.framework; sourceTree = BUILT_PRODUCTS_DIR; };
		6F6D22A3517264A27BD9CBCE /* Pods-movies-iosUITests.release.xcconfig */ = {isa = PBXFileReference; includeInIndex = 1; lastKnownFileType = text.xcconfig; name = "Pods-movies-iosUITests.release.xcconfig"; path = "Pods/Target Support Files/Pods-movies-iosUITests/Pods-movies-iosUITests.release.xcconfig"; sourceTree = "<group>"; };
		86E69BFCBBBF120168AD66FB /* Pods_movies_iosUITests.framework */ = {isa = PBXFileReference; explicitFileType = wrapper.framework; includeInIndex = 0; path = Pods_movies_iosUITests.framework; sourceTree = BUILT_PRODUCTS_DIR; };
		A106F774EA88A5AD907B39BE /* Pods-movies-iosUITests.debug.xcconfig */ = {isa = PBXFileReference; includeInIndex = 1; lastKnownFileType = text.xcconfig; name = "Pods-movies-iosUITests.debug.xcconfig"; path = "Pods/Target Support Files/Pods-movies-iosUITests/Pods-movies-iosUITests.debug.xcconfig"; sourceTree = "<group>"; };
		C45A4A121FB5E3DB00217780 /* LaunchScreen.storyboard */ = {isa = PBXFileReference; lastKnownFileType = file.storyboard; path = LaunchScreen.storyboard; sourceTree = "<group>"; };
		C46572631FB5DBB100886506 /* movies-ios.app */ = {isa = PBXFileReference; explicitFileType = wrapper.application; includeInIndex = 0; path = "movies-ios.app"; sourceTree = BUILT_PRODUCTS_DIR; };
		C46572661FB5DBB100886506 /* AppDelegate.swift */ = {isa = PBXFileReference; lastKnownFileType = sourcecode.swift; path = AppDelegate.swift; sourceTree = "<group>"; };
		C46572681FB5DBB100886506 /* MovieListingsVC.swift */ = {isa = PBXFileReference; lastKnownFileType = sourcecode.swift; path = MovieListingsVC.swift; sourceTree = "<group>"; };
		C465726D1FB5DBB100886506 /* Assets.xcassets */ = {isa = PBXFileReference; lastKnownFileType = folder.assetcatalog; path = Assets.xcassets; sourceTree = "<group>"; };
		C46572721FB5DBB100886506 /* Info.plist */ = {isa = PBXFileReference; lastKnownFileType = text.plist.xml; path = Info.plist; sourceTree = "<group>"; };
		C46572771FB5DBB200886506 /* movies-iosTests.xctest */ = {isa = PBXFileReference; explicitFileType = wrapper.cfbundle; includeInIndex = 0; path = "movies-iosTests.xctest"; sourceTree = BUILT_PRODUCTS_DIR; };
		C465727B1FB5DBB200886506 /* movies_iosTests.swift */ = {isa = PBXFileReference; lastKnownFileType = sourcecode.swift; path = movies_iosTests.swift; sourceTree = "<group>"; };
		C465727D1FB5DBB200886506 /* Info.plist */ = {isa = PBXFileReference; lastKnownFileType = text.plist.xml; path = Info.plist; sourceTree = "<group>"; };
		C46572821FB5DBB200886506 /* movies-iosUITests.xctest */ = {isa = PBXFileReference; explicitFileType = wrapper.cfbundle; includeInIndex = 0; path = "movies-iosUITests.xctest"; sourceTree = BUILT_PRODUCTS_DIR; };
		C46572861FB5DBB200886506 /* movies_iosUITests.swift */ = {isa = PBXFileReference; lastKnownFileType = sourcecode.swift; path = movies_iosUITests.swift; sourceTree = "<group>"; };
		C46572881FB5DBB200886506 /* Info.plist */ = {isa = PBXFileReference; lastKnownFileType = text.plist.xml; path = Info.plist; sourceTree = "<group>"; };
		C4F6A9201FB5EDC000219D8F /* UIColor+Hex.swift */ = {isa = PBXFileReference; lastKnownFileType = sourcecode.swift; path = "UIColor+Hex.swift"; sourceTree = "<group>"; };
		DB2261F9AC505CE8D78A6B03 /* Pods-movies-iosTests.debug.xcconfig */ = {isa = PBXFileReference; includeInIndex = 1; lastKnownFileType = text.xcconfig; name = "Pods-movies-iosTests.debug.xcconfig"; path = "Pods/Target Support Files/Pods-movies-iosTests/Pods-movies-iosTests.debug.xcconfig"; sourceTree = "<group>"; };
		FD636E481AC6EA1C921B1CCC /* Pods-movies-ios.debug.xcconfig */ = {isa = PBXFileReference; includeInIndex = 1; lastKnownFileType = text.xcconfig; name = "Pods-movies-ios.debug.xcconfig"; path = "Pods/Target Support Files/Pods-movies-ios/Pods-movies-ios.debug.xcconfig"; sourceTree = "<group>"; };
/* End PBXFileReference section */

/* Begin PBXFrameworksBuildPhase section */
		C46572601FB5DBB100886506 /* Frameworks */ = {
			isa = PBXFrameworksBuildPhase;
			buildActionMask = 2147483647;
			files = (
				92736F4EBA06ADE1421463A7 /* Pods_movies_ios.framework in Frameworks */,
			);
			runOnlyForDeploymentPostprocessing = 0;
		};
		C46572741FB5DBB200886506 /* Frameworks */ = {
			isa = PBXFrameworksBuildPhase;
			buildActionMask = 2147483647;
			files = (
				80FE1B724963BF3492047A6F /* Pods_movies_iosTests.framework in Frameworks */,
			);
			runOnlyForDeploymentPostprocessing = 0;
		};
		C465727F1FB5DBB200886506 /* Frameworks */ = {
			isa = PBXFrameworksBuildPhase;
			buildActionMask = 2147483647;
			files = (
				EAE74C93A09ABACEA7023AA9 /* Pods_movies_iosUITests.framework in Frameworks */,
			);
			runOnlyForDeploymentPostprocessing = 0;
		};
/* End PBXFrameworksBuildPhase section */

/* Begin PBXGroup section */
		A12F46B448193540A5C802DE /* Frameworks */ = {
			isa = PBXGroup;
			children = (
				68C8C72F78446397E8BCF2CF /* Pods_movies_ios.framework */,
				0086627D8867830758F5B8AE /* Pods_movies_iosTests.framework */,
				86E69BFCBBBF120168AD66FB /* Pods_movies_iosUITests.framework */,
			);
			name = Frameworks;
			sourceTree = "<group>";
		};
		A216F5A84923E3BBE0D58BD7 /* Pods */ = {
			isa = PBXGroup;
			children = (
				FD636E481AC6EA1C921B1CCC /* Pods-movies-ios.debug.xcconfig */,
				398B61F2754E5BAE27DA45C4 /* Pods-movies-ios.release.xcconfig */,
				DB2261F9AC505CE8D78A6B03 /* Pods-movies-iosTests.debug.xcconfig */,
				2020CA4A23EA418541867766 /* Pods-movies-iosTests.release.xcconfig */,
				A106F774EA88A5AD907B39BE /* Pods-movies-iosUITests.debug.xcconfig */,
				6F6D22A3517264A27BD9CBCE /* Pods-movies-iosUITests.release.xcconfig */,
			);
			name = Pods;
			sourceTree = "<group>";
		};
		C465725A1FB5DBB100886506 = {
			isa = PBXGroup;
			children = (
				C46572651FB5DBB100886506 /* movies-ios */,
				C465727A1FB5DBB200886506 /* movies-iosTests */,
				C46572851FB5DBB200886506 /* movies-iosUITests */,
				C46572641FB5DBB100886506 /* Products */,
				A216F5A84923E3BBE0D58BD7 /* Pods */,
				A12F46B448193540A5C802DE /* Frameworks */,
			);
			sourceTree = "<group>";
		};
		C46572641FB5DBB100886506 /* Products */ = {
			isa = PBXGroup;
			children = (
				C46572631FB5DBB100886506 /* movies-ios.app */,
				C46572771FB5DBB200886506 /* movies-iosTests.xctest */,
				C46572821FB5DBB200886506 /* movies-iosUITests.xctest */,
			);
			name = Products;
			sourceTree = "<group>";
		};
		C46572651FB5DBB100886506 /* movies-ios */ = {
			isa = PBXGroup;
			children = (
				C4F6A91F1FB5ED9B00219D8F /* Global */,
				C4F6A91E1FB5E94D00219D8F /* Movie Listings */,
				C46572661FB5DBB100886506 /* AppDelegate.swift */,
				C465726D1FB5DBB100886506 /* Assets.xcassets */,
				C46572721FB5DBB100886506 /* Info.plist */,
				C45A4A121FB5E3DB00217780 /* LaunchScreen.storyboard */,
			);
			path = "movies-ios";
			sourceTree = "<group>";
		};
		C465727A1FB5DBB200886506 /* movies-iosTests */ = {
			isa = PBXGroup;
			children = (
				C465727B1FB5DBB200886506 /* movies_iosTests.swift */,
				C465727D1FB5DBB200886506 /* Info.plist */,
			);
			path = "movies-iosTests";
			sourceTree = "<group>";
		};
		C46572851FB5DBB200886506 /* movies-iosUITests */ = {
			isa = PBXGroup;
			children = (
				C46572861FB5DBB200886506 /* movies_iosUITests.swift */,
				C46572881FB5DBB200886506 /* Info.plist */,
			);
			path = "movies-iosUITests";
			sourceTree = "<group>";
		};
		C4F6A91E1FB5E94D00219D8F /* Movie Listings */ = {
			isa = PBXGroup;
			children = (
				C46572681FB5DBB100886506 /* MovieListingsVC.swift */,
			);
			path = "Movie Listings";
			sourceTree = "<group>";
		};
		C4F6A91F1FB5ED9B00219D8F /* Global */ = {
			isa = PBXGroup;
			children = (
				C4F6A9201FB5EDC000219D8F /* UIColor+Hex.swift */,
			);
			path = Global;
			sourceTree = "<group>";
		};
/* End PBXGroup section */

/* Begin PBXNativeTarget section */
		C46572621FB5DBB100886506 /* movies-ios */ = {
			isa = PBXNativeTarget;
			buildConfigurationList = C465728B1FB5DBB200886506 /* Build configuration list for PBXNativeTarget "movies-ios" */;
			buildPhases = (
				DE7C5811322B2115C8271B43 /* [CP] Check Pods Manifest.lock */,
				C465725F1FB5DBB100886506 /* Sources */,
				C46572601FB5DBB100886506 /* Frameworks */,
				C46572611FB5DBB100886506 /* Resources */,
				0C84FA080E08AA7DAAA902FD /* [CP] Embed Pods Frameworks */,
				DD727AC56125560CC9FAC075 /* [CP] Copy Pods Resources */,
			);
			buildRules = (
			);
			dependencies = (
			);
			name = "movies-ios";
			productName = "movies-ios";
			productReference = C46572631FB5DBB100886506 /* movies-ios.app */;
			productType = "com.apple.product-type.application";
		};
		C46572761FB5DBB200886506 /* movies-iosTests */ = {
			isa = PBXNativeTarget;
			buildConfigurationList = C465728E1FB5DBB200886506 /* Build configuration list for PBXNativeTarget "movies-iosTests" */;
			buildPhases = (
				7DAACB18CE2979323DA28B96 /* [CP] Check Pods Manifest.lock */,
				C46572731FB5DBB200886506 /* Sources */,
				C46572741FB5DBB200886506 /* Frameworks */,
				C46572751FB5DBB200886506 /* Resources */,
				6B8646EDBCBC5216FF17E8E6 /* [CP] Embed Pods Frameworks */,
				D15109E0F5101AEB0F54CE03 /* [CP] Copy Pods Resources */,
			);
			buildRules = (
			);
			dependencies = (
				C46572791FB5DBB200886506 /* PBXTargetDependency */,
			);
			name = "movies-iosTests";
			productName = "movies-iosTests";
			productReference = C46572771FB5DBB200886506 /* movies-iosTests.xctest */;
			productType = "com.apple.product-type.bundle.unit-test";
		};
		C46572811FB5DBB200886506 /* movies-iosUITests */ = {
			isa = PBXNativeTarget;
			buildConfigurationList = C46572911FB5DBB200886506 /* Build configuration list for PBXNativeTarget "movies-iosUITests" */;
			buildPhases = (
				B04B40F313D1EF51DBB02E6D /* [CP] Check Pods Manifest.lock */,
				C465727E1FB5DBB200886506 /* Sources */,
				C465727F1FB5DBB200886506 /* Frameworks */,
				C46572801FB5DBB200886506 /* Resources */,
				66B0F2983EE325505F74321E /* [CP] Embed Pods Frameworks */,
				976C3ADEB6C6A4C5B37449EC /* [CP] Copy Pods Resources */,
			);
			buildRules = (
			);
			dependencies = (
				C46572841FB5DBB200886506 /* PBXTargetDependency */,
			);
			name = "movies-iosUITests";
			productName = "movies-iosUITests";
			productReference = C46572821FB5DBB200886506 /* movies-iosUITests.xctest */;
			productType = "com.apple.product-type.bundle.ui-testing";
		};
/* End PBXNativeTarget section */

/* Begin PBXProject section */
		C465725B1FB5DBB100886506 /* Project object */ = {
			isa = PBXProject;
			attributes = {
				LastSwiftUpdateCheck = 0900;
				LastUpgradeCheck = 0900;
				ORGANIZATIONNAME = patrickngo;
				TargetAttributes = {
					C46572621FB5DBB100886506 = {
						CreatedOnToolsVersion = 9.0.1;
						ProvisioningStyle = Automatic;
					};
					C46572761FB5DBB200886506 = {
						CreatedOnToolsVersion = 9.0.1;
						ProvisioningStyle = Automatic;
						TestTargetID = C46572621FB5DBB100886506;
					};
					C46572811FB5DBB200886506 = {
						CreatedOnToolsVersion = 9.0.1;
						ProvisioningStyle = Automatic;
						TestTargetID = C46572621FB5DBB100886506;
					};
				};
			};
			buildConfigurationList = C465725E1FB5DBB100886506 /* Build configuration list for PBXProject "movies-ios" */;
			compatibilityVersion = "Xcode 8.0";
			developmentRegion = en;
			hasScannedForEncodings = 0;
			knownRegions = (
				en,
				Base,
			);
			mainGroup = C465725A1FB5DBB100886506;
			productRefGroup = C46572641FB5DBB100886506 /* Products */;
			projectDirPath = "";
			projectRoot = "";
			targets = (
				C46572621FB5DBB100886506 /* movies-ios */,
				C46572761FB5DBB200886506 /* movies-iosTests */,
				C46572811FB5DBB200886506 /* movies-iosUITests */,
			);
		};
/* End PBXProject section */

/* Begin PBXResourcesBuildPhase section */
		C46572611FB5DBB100886506 /* Resources */ = {
			isa = PBXResourcesBuildPhase;
			buildActionMask = 2147483647;
			files = (
				C45A4A131FB5E3DB00217780 /* LaunchScreen.storyboard in Resources */,
				C465726E1FB5DBB100886506 /* Assets.xcassets in Resources */,
			);
			runOnlyForDeploymentPostprocessing = 0;
		};
		C46572751FB5DBB200886506 /* Resources */ = {
			isa = PBXResourcesBuildPhase;
			buildActionMask = 2147483647;
			files = (
			);
			runOnlyForDeploymentPostprocessing = 0;
		};
		C46572801FB5DBB200886506 /* Resources */ = {
			isa = PBXResourcesBuildPhase;
			buildActionMask = 2147483647;
			files = (
			);
			runOnlyForDeploymentPostprocessing = 0;
		};
/* End PBXResourcesBuildPhase section */

/* Begin PBXShellScriptBuildPhase section */
		0C84FA080E08AA7DAAA902FD /* [CP] Embed Pods Frameworks */ = {
			isa = PBXShellScriptBuildPhase;
			buildActionMask = 2147483647;
			files = (
			);
			inputPaths = (
				"${SRCROOT}/Pods/Target Support Files/Pods-movies-ios/Pods-movies-ios-frameworks.sh",
				"${BUILT_PRODUCTS_DIR}/Alamofire/Alamofire.framework",
				"${BUILT_PRODUCTS_DIR}/SDWebImage/SDWebImage.framework",
				"${BUILT_PRODUCTS_DIR}/SnapKit/SnapKit.framework",
			);
			name = "[CP] Embed Pods Frameworks";
			outputPaths = (
				"${TARGET_BUILD_DIR}/${FRAMEWORKS_FOLDER_PATH}/Alamofire.framework",
				"${TARGET_BUILD_DIR}/${FRAMEWORKS_FOLDER_PATH}/SDWebImage.framework",
				"${TARGET_BUILD_DIR}/${FRAMEWORKS_FOLDER_PATH}/SnapKit.framework",
			);
			runOnlyForDeploymentPostprocessing = 0;
			shellPath = /bin/sh;
			shellScript = "\"${SRCROOT}/Pods/Target Support Files/Pods-movies-ios/Pods-movies-ios-frameworks.sh\"\n";
			showEnvVarsInLog = 0;
		};
		66B0F2983EE325505F74321E /* [CP] Embed Pods Frameworks */ = {
			isa = PBXShellScriptBuildPhase;
			buildActionMask = 2147483647;
			files = (
			);
			inputPaths = (
			);
			name = "[CP] Embed Pods Frameworks";
			outputPaths = (
			);
			runOnlyForDeploymentPostprocessing = 0;
			shellPath = /bin/sh;
			shellScript = "\"${SRCROOT}/Pods/Target Support Files/Pods-movies-iosUITests/Pods-movies-iosUITests-frameworks.sh\"\n";
			showEnvVarsInLog = 0;
		};
		6B8646EDBCBC5216FF17E8E6 /* [CP] Embed Pods Frameworks */ = {
			isa = PBXShellScriptBuildPhase;
			buildActionMask = 2147483647;
			files = (
			);
			inputPaths = (
			);
			name = "[CP] Embed Pods Frameworks";
			outputPaths = (
			);
			runOnlyForDeploymentPostprocessing = 0;
			shellPath = /bin/sh;
			shellScript = "\"${SRCROOT}/Pods/Target Support Files/Pods-movies-iosTests/Pods-movies-iosTests-frameworks.sh\"\n";
			showEnvVarsInLog = 0;
		};
		7DAACB18CE2979323DA28B96 /* [CP] Check Pods Manifest.lock */ = {
			isa = PBXShellScriptBuildPhase;
			buildActionMask = 2147483647;
			files = (
			);
			inputPaths = (
				"${PODS_PODFILE_DIR_PATH}/Podfile.lock",
				"${PODS_ROOT}/Manifest.lock",
			);
			name = "[CP] Check Pods Manifest.lock";
			outputPaths = (
				"$(DERIVED_FILE_DIR)/Pods-movies-iosTests-checkManifestLockResult.txt",
			);
			runOnlyForDeploymentPostprocessing = 0;
			shellPath = /bin/sh;
			shellScript = "diff \"${PODS_PODFILE_DIR_PATH}/Podfile.lock\" \"${PODS_ROOT}/Manifest.lock\" > /dev/null\nif [ $? != 0 ] ; then\n    # print error to STDERR\n    echo \"error: The sandbox is not in sync with the Podfile.lock. Run 'pod install' or update your CocoaPods installation.\" >&2\n    exit 1\nfi\n# This output is used by Xcode 'outputs' to avoid re-running this script phase.\necho \"SUCCESS\" > \"${SCRIPT_OUTPUT_FILE_0}\"\n";
			showEnvVarsInLog = 0;
		};
		976C3ADEB6C6A4C5B37449EC /* [CP] Copy Pods Resources */ = {
			isa = PBXShellScriptBuildPhase;
			buildActionMask = 2147483647;
			files = (
			);
			inputPaths = (
			);
			name = "[CP] Copy Pods Resources";
			outputPaths = (
			);
			runOnlyForDeploymentPostprocessing = 0;
			shellPath = /bin/sh;
			shellScript = "\"${SRCROOT}/Pods/Target Support Files/Pods-movies-iosUITests/Pods-movies-iosUITests-resources.sh\"\n";
			showEnvVarsInLog = 0;
		};
		B04B40F313D1EF51DBB02E6D /* [CP] Check Pods Manifest.lock */ = {
			isa = PBXShellScriptBuildPhase;
			buildActionMask = 2147483647;
			files = (
			);
			inputPaths = (
				"${PODS_PODFILE_DIR_PATH}/Podfile.lock",
				"${PODS_ROOT}/Manifest.lock",
			);
			name = "[CP] Check Pods Manifest.lock";
			outputPaths = (
				"$(DERIVED_FILE_DIR)/Pods-movies-iosUITests-checkManifestLockResult.txt",
			);
			runOnlyForDeploymentPostprocessing = 0;
			shellPath = /bin/sh;
			shellScript = "diff \"${PODS_PODFILE_DIR_PATH}/Podfile.lock\" \"${PODS_ROOT}/Manifest.lock\" > /dev/null\nif [ $? != 0 ] ; then\n    # print error to STDERR\n    echo \"error: The sandbox is not in sync with the Podfile.lock. Run 'pod install' or update your CocoaPods installation.\" >&2\n    exit 1\nfi\n# This output is used by Xcode 'outputs' to avoid re-running this script phase.\necho \"SUCCESS\" > \"${SCRIPT_OUTPUT_FILE_0}\"\n";
			showEnvVarsInLog = 0;
		};
		D15109E0F5101AEB0F54CE03 /* [CP] Copy Pods Resources */ = {
			isa = PBXShellScriptBuildPhase;
			buildActionMask = 2147483647;
			files = (
			);
			inputPaths = (
			);
			name = "[CP] Copy Pods Resources";
			outputPaths = (
			);
			runOnlyForDeploymentPostprocessing = 0;
			shellPath = /bin/sh;
			shellScript = "\"${SRCROOT}/Pods/Target Support Files/Pods-movies-iosTests/Pods-movies-iosTests-resources.sh\"\n";
			showEnvVarsInLog = 0;
		};
		DD727AC56125560CC9FAC075 /* [CP] Copy Pods Resources */ = {
			isa = PBXShellScriptBuildPhase;
			buildActionMask = 2147483647;
			files = (
			);
			inputPaths = (
			);
			name = "[CP] Copy Pods Resources";
			outputPaths = (
			);
			runOnlyForDeploymentPostprocessing = 0;
			shellPath = /bin/sh;
			shellScript = "\"${SRCROOT}/Pods/Target Support Files/Pods-movies-ios/Pods-movies-ios-resources.sh\"\n";
			showEnvVarsInLog = 0;
		};
		DE7C5811322B2115C8271B43 /* [CP] Check Pods Manifest.lock */ = {
			isa = PBXShellScriptBuildPhase;
			buildActionMask = 2147483647;
			files = (
			);
			inputPaths = (
				"${PODS_PODFILE_DIR_PATH}/Podfile.lock",
				"${PODS_ROOT}/Manifest.lock",
			);
			name = "[CP] Check Pods Manifest.lock";
			outputPaths = (
				"$(DERIVED_FILE_DIR)/Pods-movies-ios-checkManifestLockResult.txt",
			);
			runOnlyForDeploymentPostprocessing = 0;
			shellPath = /bin/sh;
			shellScript = "diff \"${PODS_PODFILE_DIR_PATH}/Podfile.lock\" \"${PODS_ROOT}/Manifest.lock\" > /dev/null\nif [ $? != 0 ] ; then\n    # print error to STDERR\n    echo \"error: The sandbox is not in sync with the Podfile.lock. Run 'pod install' or update your CocoaPods installation.\" >&2\n    exit 1\nfi\n# This output is used by Xcode 'outputs' to avoid re-running this script phase.\necho \"SUCCESS\" > \"${SCRIPT_OUTPUT_FILE_0}\"\n";
			showEnvVarsInLog = 0;
		};
/* End PBXShellScriptBuildPhase section */

/* Begin PBXSourcesBuildPhase section */
		C465725F1FB5DBB100886506 /* Sources */ = {
			isa = PBXSourcesBuildPhase;
			buildActionMask = 2147483647;
			files = (
				C4F6A9211FB5EDC000219D8F /* UIColor+Hex.swift in Sources */,
				C46572691FB5DBB100886506 /* MovieListingsVC.swift in Sources */,
				C46572671FB5DBB100886506 /* AppDelegate.swift in Sources */,
			);
			runOnlyForDeploymentPostprocessing = 0;
		};
		C46572731FB5DBB200886506 /* Sources */ = {
			isa = PBXSourcesBuildPhase;
			buildActionMask = 2147483647;
			files = (
				C465727C1FB5DBB200886506 /* movies_iosTests.swift in Sources */,
			);
			runOnlyForDeploymentPostprocessing = 0;
		};
		C465727E1FB5DBB200886506 /* Sources */ = {
			isa = PBXSourcesBuildPhase;
			buildActionMask = 2147483647;
			files = (
				C46572871FB5DBB200886506 /* movies_iosUITests.swift in Sources */,
			);
			runOnlyForDeploymentPostprocessing = 0;
		};
/* End PBXSourcesBuildPhase section */

/* Begin PBXTargetDependency section */
		C46572791FB5DBB200886506 /* PBXTargetDependency */ = {
			isa = PBXTargetDependency;
			target = C46572621FB5DBB100886506 /* movies-ios */;
			targetProxy = C46572781FB5DBB200886506 /* PBXContainerItemProxy */;
		};
		C46572841FB5DBB200886506 /* PBXTargetDependency */ = {
			isa = PBXTargetDependency;
			target = C46572621FB5DBB100886506 /* movies-ios */;
			targetProxy = C46572831FB5DBB200886506 /* PBXContainerItemProxy */;
		};
/* End PBXTargetDependency section */

/* Begin XCBuildConfiguration section */
		C46572891FB5DBB200886506 /* Debug */ = {
			isa = XCBuildConfiguration;
			buildSettings = {
				ALWAYS_SEARCH_USER_PATHS = NO;
				CLANG_ANALYZER_NONNULL = YES;
				CLANG_ANALYZER_NUMBER_OBJECT_CONVERSION = YES_AGGRESSIVE;
				CLANG_CXX_LANGUAGE_STANDARD = "gnu++14";
				CLANG_CXX_LIBRARY = "libc++";
				CLANG_ENABLE_MODULES = YES;
				CLANG_ENABLE_OBJC_ARC = YES;
				CLANG_WARN_BLOCK_CAPTURE_AUTORELEASING = YES;
				CLANG_WARN_BOOL_CONVERSION = YES;
				CLANG_WARN_COMMA = YES;
				CLANG_WARN_CONSTANT_CONVERSION = YES;
				CLANG_WARN_DIRECT_OBJC_ISA_USAGE = YES_ERROR;
				CLANG_WARN_DOCUMENTATION_COMMENTS = YES;
				CLANG_WARN_EMPTY_BODY = YES;
				CLANG_WARN_ENUM_CONVERSION = YES;
				CLANG_WARN_INFINITE_RECURSION = YES;
				CLANG_WARN_INT_CONVERSION = YES;
				CLANG_WARN_NON_LITERAL_NULL_CONVERSION = YES;
				CLANG_WARN_OBJC_LITERAL_CONVERSION = YES;
				CLANG_WARN_OBJC_ROOT_CLASS = YES_ERROR;
				CLANG_WARN_RANGE_LOOP_ANALYSIS = YES;
				CLANG_WARN_STRICT_PROTOTYPES = YES;
				CLANG_WARN_SUSPICIOUS_MOVE = YES;
				CLANG_WARN_UNGUARDED_AVAILABILITY = YES_AGGRESSIVE;
				CLANG_WARN_UNREACHABLE_CODE = YES;
				CLANG_WARN__DUPLICATE_METHOD_MATCH = YES;
				CODE_SIGN_IDENTITY = "iPhone Developer";
				COPY_PHASE_STRIP = NO;
				DEBUG_INFORMATION_FORMAT = dwarf;
				ENABLE_STRICT_OBJC_MSGSEND = YES;
				ENABLE_TESTABILITY = YES;
				GCC_C_LANGUAGE_STANDARD = gnu11;
				GCC_DYNAMIC_NO_PIC = NO;
				GCC_NO_COMMON_BLOCKS = YES;
				GCC_OPTIMIZATION_LEVEL = 0;
				GCC_PREPROCESSOR_DEFINITIONS = (
					"DEBUG=1",
					"$(inherited)",
				);
				GCC_WARN_64_TO_32_BIT_CONVERSION = YES;
				GCC_WARN_ABOUT_RETURN_TYPE = YES_ERROR;
				GCC_WARN_UNDECLARED_SELECTOR = YES;
				GCC_WARN_UNINITIALIZED_AUTOS = YES_AGGRESSIVE;
				GCC_WARN_UNUSED_FUNCTION = YES;
				GCC_WARN_UNUSED_VARIABLE = YES;
				IPHONEOS_DEPLOYMENT_TARGET = 11.0;
				MTL_ENABLE_DEBUG_INFO = YES;
				ONLY_ACTIVE_ARCH = YES;
				SDKROOT = iphoneos;
				SWIFT_ACTIVE_COMPILATION_CONDITIONS = DEBUG;
				SWIFT_OPTIMIZATION_LEVEL = "-Onone";
			};
			name = Debug;
		};
		C465728A1FB5DBB200886506 /* Release */ = {
			isa = XCBuildConfiguration;
			buildSettings = {
				ALWAYS_SEARCH_USER_PATHS = NO;
				CLANG_ANALYZER_NONNULL = YES;
				CLANG_ANALYZER_NUMBER_OBJECT_CONVERSION = YES_AGGRESSIVE;
				CLANG_CXX_LANGUAGE_STANDARD = "gnu++14";
				CLANG_CXX_LIBRARY = "libc++";
				CLANG_ENABLE_MODULES = YES;
				CLANG_ENABLE_OBJC_ARC = YES;
				CLANG_WARN_BLOCK_CAPTURE_AUTORELEASING = YES;
				CLANG_WARN_BOOL_CONVERSION = YES;
				CLANG_WARN_COMMA = YES;
				CLANG_WARN_CONSTANT_CONVERSION = YES;
				CLANG_WARN_DIRECT_OBJC_ISA_USAGE = YES_ERROR;
				CLANG_WARN_DOCUMENTATION_COMMENTS = YES;
				CLANG_WARN_EMPTY_BODY = YES;
				CLANG_WARN_ENUM_CONVERSION = YES;
				CLANG_WARN_INFINITE_RECURSION = YES;
				CLANG_WARN_INT_CONVERSION = YES;
				CLANG_WARN_NON_LITERAL_NULL_CONVERSION = YES;
				CLANG_WARN_OBJC_LITERAL_CONVERSION = YES;
				CLANG_WARN_OBJC_ROOT_CLASS = YES_ERROR;
				CLANG_WARN_RANGE_LOOP_ANALYSIS = YES;
				CLANG_WARN_STRICT_PROTOTYPES = YES;
				CLANG_WARN_SUSPICIOUS_MOVE = YES;
				CLANG_WARN_UNGUARDED_AVAILABILITY = YES_AGGRESSIVE;
				CLANG_WARN_UNREACHABLE_CODE = YES;
				CLANG_WARN__DUPLICATE_METHOD_MATCH = YES;
				CODE_SIGN_IDENTITY = "iPhone Developer";
				COPY_PHASE_STRIP = NO;
				DEBUG_INFORMATION_FORMAT = "dwarf-with-dsym";
				ENABLE_NS_ASSERTIONS = NO;
				ENABLE_STRICT_OBJC_MSGSEND = YES;
				GCC_C_LANGUAGE_STANDARD = gnu11;
				GCC_NO_COMMON_BLOCKS = YES;
				GCC_WARN_64_TO_32_BIT_CONVERSION = YES;
				GCC_WARN_ABOUT_RETURN_TYPE = YES_ERROR;
				GCC_WARN_UNDECLARED_SELECTOR = YES;
				GCC_WARN_UNINITIALIZED_AUTOS = YES_AGGRESSIVE;
				GCC_WARN_UNUSED_FUNCTION = YES;
				GCC_WARN_UNUSED_VARIABLE = YES;
				IPHONEOS_DEPLOYMENT_TARGET = 11.0;
				MTL_ENABLE_DEBUG_INFO = NO;
				SDKROOT = iphoneos;
				SWIFT_OPTIMIZATION_LEVEL = "-Owholemodule";
				VALIDATE_PRODUCT = YES;
			};
			name = Release;
		};
		C465728C1FB5DBB200886506 /* Debug */ = {
			isa = XCBuildConfiguration;
			baseConfigurationReference = FD636E481AC6EA1C921B1CCC /* Pods-movies-ios.debug.xcconfig */;
			buildSettings = {
				ASSETCATALOG_COMPILER_APPICON_NAME = AppIcon;
				CODE_SIGN_STYLE = Automatic;
				DEVELOPMENT_TEAM = 82H32A8F2F;
				INFOPLIST_FILE = "movies-ios/Info.plist";
				IPHONEOS_DEPLOYMENT_TARGET = 10.0;
				LD_RUNPATH_SEARCH_PATHS = "$(inherited) @executable_path/Frameworks";
				PRODUCT_BUNDLE_IDENTIFIER = "com.patrickngo.movies-ios";
				PRODUCT_NAME = "$(TARGET_NAME)";
				SWIFT_VERSION = 4.0;
				TARGETED_DEVICE_FAMILY = "1,2";
			};
			name = Debug;
		};
		C465728D1FB5DBB200886506 /* Release */ = {
			isa = XCBuildConfiguration;
			baseConfigurationReference = 398B61F2754E5BAE27DA45C4 /* Pods-movies-ios.release.xcconfig */;
			buildSettings = {
				ASSETCATALOG_COMPILER_APPICON_NAME = AppIcon;
				CODE_SIGN_STYLE = Automatic;
				DEVELOPMENT_TEAM = 82H32A8F2F;
				INFOPLIST_FILE = "movies-ios/Info.plist";
				IPHONEOS_DEPLOYMENT_TARGET = 10.0;
				LD_RUNPATH_SEARCH_PATHS = "$(inherited) @executable_path/Frameworks";
				PRODUCT_BUNDLE_IDENTIFIER = "com.patrickngo.movies-ios";
				PRODUCT_NAME = "$(TARGET_NAME)";
				SWIFT_VERSION = 4.0;
				TARGETED_DEVICE_FAMILY = "1,2";
			};
			name = Release;
		};
		C465728F1FB5DBB200886506 /* Debug */ = {
			isa = XCBuildConfiguration;
			baseConfigurationReference = DB2261F9AC505CE8D78A6B03 /* Pods-movies-iosTests.debug.xcconfig */;
			buildSettings = {
				ALWAYS_EMBED_SWIFT_STANDARD_LIBRARIES = YES;
				BUNDLE_LOADER = "$(TEST_HOST)";
				CODE_SIGN_STYLE = Automatic;
				INFOPLIST_FILE = "movies-iosTests/Info.plist";
				LD_RUNPATH_SEARCH_PATHS = "$(inherited) @executable_path/Frameworks @loader_path/Frameworks";
				PRODUCT_BUNDLE_IDENTIFIER = "com.patrickngo.movies-iosTests";
				PRODUCT_NAME = "$(TARGET_NAME)";
				SWIFT_VERSION = 4.0;
				TARGETED_DEVICE_FAMILY = "1,2";
				TEST_HOST = "$(BUILT_PRODUCTS_DIR)/movies-ios.app/movies-ios";
			};
			name = Debug;
		};
		C46572901FB5DBB200886506 /* Release */ = {
			isa = XCBuildConfiguration;
			baseConfigurationReference = 2020CA4A23EA418541867766 /* Pods-movies-iosTests.release.xcconfig */;
			buildSettings = {
				ALWAYS_EMBED_SWIFT_STANDARD_LIBRARIES = YES;
				BUNDLE_LOADER = "$(TEST_HOST)";
				CODE_SIGN_STYLE = Automatic;
				INFOPLIST_FILE = "movies-iosTests/Info.plist";
				LD_RUNPATH_SEARCH_PATHS = "$(inherited) @executable_path/Frameworks @loader_path/Frameworks";
				PRODUCT_BUNDLE_IDENTIFIER = "com.patrickngo.movies-iosTests";
				PRODUCT_NAME = "$(TARGET_NAME)";
				SWIFT_VERSION = 4.0;
				TARGETED_DEVICE_FAMILY = "1,2";
				TEST_HOST = "$(BUILT_PRODUCTS_DIR)/movies-ios.app/movies-ios";
			};
			name = Release;
		};
		C46572921FB5DBB200886506 /* Debug */ = {
			isa = XCBuildConfiguration;
			baseConfigurationReference = A106F774EA88A5AD907B39BE /* Pods-movies-iosUITests.debug.xcconfig */;
			buildSettings = {
				ALWAYS_EMBED_SWIFT_STANDARD_LIBRARIES = YES;
				CODE_SIGN_STYLE = Automatic;
				INFOPLIST_FILE = "movies-iosUITests/Info.plist";
				LD_RUNPATH_SEARCH_PATHS = "$(inherited) @executable_path/Frameworks @loader_path/Frameworks";
				PRODUCT_BUNDLE_IDENTIFIER = "com.patrickngo.movies-iosUITests";
				PRODUCT_NAME = "$(TARGET_NAME)";
				SWIFT_VERSION = 4.0;
				TARGETED_DEVICE_FAMILY = "1,2";
				TEST_TARGET_NAME = "movies-ios";
			};
			name = Debug;
		};
		C46572931FB5DBB200886506 /* Release */ = {
			isa = XCBuildConfiguration;
			baseConfigurationReference = 6F6D22A3517264A27BD9CBCE /* Pods-movies-iosUITests.release.xcconfig */;
			buildSettings = {
				ALWAYS_EMBED_SWIFT_STANDARD_LIBRARIES = YES;
				CODE_SIGN_STYLE = Automatic;
				INFOPLIST_FILE = "movies-iosUITests/Info.plist";
				LD_RUNPATH_SEARCH_PATHS = "$(inherited) @executable_path/Frameworks @loader_path/Frameworks";
				PRODUCT_BUNDLE_IDENTIFIER = "com.patrickngo.movies-iosUITests";
				PRODUCT_NAME = "$(TARGET_NAME)";
				SWIFT_VERSION = 4.0;
				TARGETED_DEVICE_FAMILY = "1,2";
				TEST_TARGET_NAME = "movies-ios";
			};
			name = Release;
		};
/* End XCBuildConfiguration section */

/* Begin XCConfigurationList section */
		C465725E1FB5DBB100886506 /* Build configuration list for PBXProject "movies-ios" */ = {
			isa = XCConfigurationList;
			buildConfigurations = (
				C46572891FB5DBB200886506 /* Debug */,
				C465728A1FB5DBB200886506 /* Release */,
			);
			defaultConfigurationIsVisible = 0;
			defaultConfigurationName = Release;
		};
		C465728B1FB5DBB200886506 /* Build configuration list for PBXNativeTarget "movies-ios" */ = {
			isa = XCConfigurationList;
			buildConfigurations = (
				C465728C1FB5DBB200886506 /* Debug */,
				C465728D1FB5DBB200886506 /* Release */,
			);
			defaultConfigurationIsVisible = 0;
			defaultConfigurationName = Release;
		};
		C465728E1FB5DBB200886506 /* Build configuration list for PBXNativeTarget "movies-iosTests" */ = {
			isa = XCConfigurationList;
			buildConfigurations = (
				C465728F1FB5DBB200886506 /* Debug */,
				C46572901FB5DBB200886506 /* Release */,
			);
			defaultConfigurationIsVisible = 0;
			defaultConfigurationName = Release;
		};
		C46572911FB5DBB200886506 /* Build configuration list for PBXNativeTarget "movies-iosUITests" */ = {
			isa = XCConfigurationList;
			buildConfigurations = (
				C46572921FB5DBB200886506 /* Debug */,
				C46572931FB5DBB200886506 /* Release */,
			);
			defaultConfigurationIsVisible = 0;
			defaultConfigurationName = Release;
		};
/* End XCConfigurationList section */
	};
	rootObject = C465725B1FB5DBB100886506 /* Project object */;
}
